
Microsoft Visual Studio Solution File, Format Version 12.00
# Visual Studio Version 16
VisualStudioVersion = 16.0.30011.22
MinimumVisualStudioVersion = 10.0.40219.1
Project("{9A19103F-16F7-4668-BE54-9A1E7A4F7556}") = "WebApi", "WebApi.csproj", "{DCECD6F6-4C78-4840-9757-F558BBE5AE63}"
EndProject
Global
	GlobalSection(SolutionConfigurationPlatforms) = preSolution
		Debug|Any CPU = Debug|Any CPU
		Release|Any CPU = Release|Any CPU
	EndGlobalSection
	GlobalSection(ProjectConfigurationPlatforms) = postSolution
		{DCECD6F6-4C78-4840-9757-F558BBE5AE63}.Debug|Any CPU.ActiveCfg = Debug|Any CPU
		{DCECD6F6-4C78-4840-9757-F558BBE5AE63}.Debug|Any CPU.Build.0 = Debug|Any CPU
		{DCECD6F6-4C78-4840-9757-F558BBE5AE63}.Release|Any CPU.ActiveCfg = Release|Any CPU
		{DCECD6F6-4C78-4840-9757-F558BBE5AE63}.Release|Any CPU.Build.0 = Release|Any CPU
	EndGlobalSection
	GlobalSection(SolutionProperties) = preSolution
		HideSolutionNode = FALSE
	EndGlobalSection
	GlobalSection(ExtensibilityGlobals) = postSolution
		SolutionGuid = {22D2DBE7-12EE-4FCD-BCD0-2E7530FE3F40}
	EndGlobalSection
EndGlobal
